
Microsoft Visual Studio Solution File, Format Version 12.00
# Visual Studio 14
VisualStudioVersion = 14.0.25420.1
MinimumVisualStudioVersion = 10.0.40219.1
Project("{2150E333-8FDC-42A3-9474-1A3956D46DE8}") = "src", "src", "{8D227892-228B-4BF9-A4EC-92B69446726E}"
EndProject
Project("{2150E333-8FDC-42A3-9474-1A3956D46DE8}") = "Solution Items", "Solution Items", "{E026F7C2-70BA-418D-98EB-7DBEA8027BD6}"
	ProjectSection(SolutionItems) = preProject
		global.json = global.json
	EndProjectSection
EndProject
Project("{8BB2217D-0F2D-49D1-97BC-3654ED321F3B}") = "TakeVacation", "src\TakeVacation\TakeVacation.xproj", "{627DA6B4-A236-4639-973B-80E06B01D675}"
EndProject
Global
	GlobalSection(SolutionConfigurationPlatforms) = preSolution
		Debug|Any CPU = Debug|Any CPU
		Release|Any CPU = Release|Any CPU
	EndGlobalSection
	GlobalSection(ProjectConfigurationPlatforms) = postSolution
		{627DA6B4-A236-4639-973B-80E06B01D675}.Debug|Any CPU.ActiveCfg = Debug|Any CPU
		{627DA6B4-A236-4639-973B-80E06B01D675}.Debug|Any CPU.Build.0 = Debug|Any CPU
		{627DA6B4-A236-4639-973B-80E06B01D675}.Release|Any CPU.ActiveCfg = Release|Any CPU
		{627DA6B4-A236-4639-973B-80E06B01D675}.Release|Any CPU.Build.0 = Release|Any CPU
	EndGlobalSection
	GlobalSection(SolutionProperties) = preSolution
		HideSolutionNode = FALSE
	EndGlobalSection
	GlobalSection(NestedProjects) = preSolution
		{627DA6B4-A236-4639-973B-80E06B01D675} = {8D227892-228B-4BF9-A4EC-92B69446726E}
	EndGlobalSection
EndGlobal
